
Microsoft Visual Studio Solution File, Format Version 12.00
# Visual Studio 15
VisualStudioVersion = 15.0.28307.1800
MinimumVisualStudioVersion = 10.0.40219.1
Project("{159641D6-6404-4A2A-AE62-294DE0FE8301}") = "Datawarehouse_solution", "Datawarehouse_solution\Datawarehouse_solution.dtproj", "{F3E24952-1118-4C6E-83BD-97C18BEFE1A8}"
EndProject
Global
	GlobalSection(SolutionConfigurationPlatforms) = preSolution
		Development|Default = Development|Default
	EndGlobalSection
	GlobalSection(ProjectConfigurationPlatforms) = postSolution
		{F3E24952-1118-4C6E-83BD-97C18BEFE1A8}.Development|Default.ActiveCfg = Development
		{F3E24952-1118-4C6E-83BD-97C18BEFE1A8}.Development|Default.Build.0 = Development
	EndGlobalSection
	GlobalSection(SolutionProperties) = preSolution
		HideSolutionNode = FALSE
	EndGlobalSection
	GlobalSection(ExtensibilityGlobals) = postSolution
		SolutionGuid = {3E7947A8-EC41-43D6-BA2A-9DB94639B699}
	EndGlobalSection
EndGlobal
